<?xml version="1.0" encoding="utf-8"?>
<Project ToolsVersion="4.0" xmlns:atg="http://atg.xbox.com" xmlns="http://schemas.microsoft.com/developer/msbuild/2003">
  <ItemGroup>
    <Filter Include="Resource Files">
      <UniqueIdentifier>{8e114980-c1a3-4ada-ad7c-83caadf5daeb}</UniqueIdentifier>
      <Extensions>rc;ico;cur;bmp;dlg;rc2;rct;bin;rgs;gif;jpg;jpeg;jpe</Extensions>
    </Filter>
    <Filter Include="DXUT">
      <UniqueIdentifier>{a43c5c25-0e86-4a20-b64a-883785ff74fd}</UniqueIdentifier>
    </Filter>
    <Filter Include="Shaders">
      <UniqueIdentifier>{2c3d4c8c-5d1a-459a-a05a-a4e4b608a44e}</UniqueIdentifier>
      <Extensions>fx;fxh;hlsl</Extensions>
    </Filter>
  </ItemGroup>
  <ItemGroup>
    <ClInclude Include="Include\Resource.h" />
    <ClInclude Include="Include\CTime.h" />
    <ClInclude Include="Include\Prerequisites.h" />
    <ClInclude Include="Include\Commons.h" />
    <ClInclude Include="Include\DepthStencilView.h" />
    <ClInclude Include="Include\Window.h" />
    <ClInclude Include="Include\DeviceContext.h" />
    <ClInclude Include="Include\Device.h" />
    <ClInclude Include="Include\Texture.h" />
    <ClInclude Include="Include\InputLayout.h" />
  </ItemGroup>
  <ItemGroup>
    <None Include="Tutorial07.fx">
      <Filter>Shaders</Filter>
    </None>
    <None Include="bin\Tutorial07.fx">
      <Filter>Shaders</Filter>
    </None>
  </ItemGroup>
  <ItemGroup>
    <ResourceCompile Include="Tutorial07.rc">
      <Filter>Resource Files</Filter>
    </ResourceCompile>
  </ItemGroup>
  <ItemGroup>
    <ClCompile Include="src\Tutorial07.cpp" />
    <ClCompile Include="src\CTime.cpp" />
    <ClCompile Include="src\DepthStencilView.cpp" />
    <ClCompile Include="src\Window.cpp" />
    <ClCompile Include="src\DeviceContext.cpp" />
    <ClCompile Include="src\Device.cpp" />
    <ClCompile Include="src\Texture.cpp" />
    <ClCompile Include="src\InputLayout.cpp" />
  </ItemGroup>
  <ItemGroup>
    <Image Include="bin\seafloor.dds" />
  </ItemGroup>
</Project>